{
  "object": {
    "pins": [
      {
        "package": "MetalPetal",
        "repositoryURL": "https://github.com/MetalPetal/MetalPetal",
        "state": {
          "branch": null,
          "revision": "eb67c48060989c67ece5dc75fa811b2489dd9da8",
          "version": "1.22.0"
        }
      },
      {
        "package": "RxSwift",
        "repositoryURL": "https://github.com/ReactiveX/RxSwift",
        "state": {
          "branch": null,
          "revision": "7c17a6ccca06b5c107cfa4284e634562ddaf5951",
          "version": "6.2.0"
        }
      }
    ]
  },
  "version": 1
}
